
Microsoft Visual Studio Solution File, Format Version 12.00
# Visual Studio Version 17
VisualStudioVersion = 17.10.35013.160
MinimumVisualStudioVersion = 10.0.40219.1
Project("{FAE04EC0-301F-11D3-BF4B-00C04F79EFBC}") = "UsersLib", "UsersLib\UsersLib.csproj", "{5116F10A-23C0-4B27-B404-C953D00063D9}"
EndProject
Global
	GlobalSection(SolutionConfigurationPlatforms) = preSolution
		Debug|Any CPU = Debug|Any CPU
		Release|Any CPU = Release|Any CPU
	EndGlobalSection
	GlobalSection(ProjectConfigurationPlatforms) = postSolution
		{5116F10A-23C0-4B27-B404-C953D00063D9}.Debug|Any CPU.ActiveCfg = Debug|Any CPU
		{5116F10A-23C0-4B27-B404-C953D00063D9}.Debug|Any CPU.Build.0 = Debug|Any CPU
		{5116F10A-23C0-4B27-B404-C953D00063D9}.Release|Any CPU.ActiveCfg = Release|Any CPU
		{5116F10A-23C0-4B27-B404-C953D00063D9}.Release|Any CPU.Build.0 = Release|Any CPU
	EndGlobalSection
	GlobalSection(SolutionProperties) = preSolution
		HideSolutionNode = FALSE
	EndGlobalSection
	GlobalSection(ExtensibilityGlobals) = postSolution
		SolutionGuid = {0B2DBE9F-1B5C-42E6-82E8-5662FDA76038}
	EndGlobalSection
EndGlobal
